
Microsoft Visual Studio Solution File, Format Version 12.00
# Visual Studio Version 16
VisualStudioVersion = 16.0.31105.61
MinimumVisualStudioVersion = 10.0.40219.1
Project("{FAE04EC0-301F-11D3-BF4B-00C04F79EFBC}") = "ListaEncadeadaDeTimesBrasileiros", "ListaEncadeadaDeTimesBrasileiros\ListaEncadeadaDeTimesBrasileiros.csproj", "{F7256F67-6230-4AAF-ADD2-CBEB3D32D97E}"
EndProject
Global
	GlobalSection(SolutionConfigurationPlatforms) = preSolution
		Debug|Any CPU = Debug|Any CPU
		Release|Any CPU = Release|Any CPU
	EndGlobalSection
	GlobalSection(ProjectConfigurationPlatforms) = postSolution
		{F7256F67-6230-4AAF-ADD2-CBEB3D32D97E}.Debug|Any CPU.ActiveCfg = Debug|Any CPU
		{F7256F67-6230-4AAF-ADD2-CBEB3D32D97E}.Debug|Any CPU.Build.0 = Debug|Any CPU
		{F7256F67-6230-4AAF-ADD2-CBEB3D32D97E}.Release|Any CPU.ActiveCfg = Release|Any CPU
		{F7256F67-6230-4AAF-ADD2-CBEB3D32D97E}.Release|Any CPU.Build.0 = Release|Any CPU
	EndGlobalSection
	GlobalSection(SolutionProperties) = preSolution
		HideSolutionNode = FALSE
	EndGlobalSection
	GlobalSection(ExtensibilityGlobals) = postSolution
		SolutionGuid = {97880ADC-9D71-4030-B6D8-FEE011D36D7D}
	EndGlobalSection
EndGlobal
